// !$*UTF8*$!
{
	archiveVersion = 1;
	classes = {
	};
	objectVersion = 56;
	objects = {

/* Begin PBXBuildFile section */
		601515882A73E11C00A89C84 /* LandmarksApp.swift in Sources */ = {isa = PBXBuildFile; fileRef = 601515872A73E11C00A89C84 /* LandmarksApp.swift */; };
		6015158C2A73E11D00A89C84 /* Assets.xcassets in Resources */ = {isa = PBXBuildFile; fileRef = 6015158B2A73E11D00A89C84 /* Assets.xcassets */; };
		6015158F2A73E11D00A89C84 /* Preview Assets.xcassets in Resources */ = {isa = PBXBuildFile; fileRef = 6015158E2A73E11D00A89C84 /* Preview Assets.xcassets */; };
		601515972A73E28A00A89C84 /* CircleImage.swift in Sources */ = {isa = PBXBuildFile; fileRef = 601515962A73E28A00A89C84 /* CircleImage.swift */; };
		601515992A73E4A400A89C84 /* MapViews.swift in Sources */ = {isa = PBXBuildFile; fileRef = 601515982A73E4A400A89C84 /* MapViews.swift */; };
		6015159C2A73E73B00A89C84 /* landmarkData.json in Resources */ = {isa = PBXBuildFile; fileRef = 6015159B2A73E73A00A89C84 /* landmarkData.json */; };
		6015159F2A73E79A00A89C84 /* Landmark.swift in Sources */ = {isa = PBXBuildFile; fileRef = 6015159E2A73E79A00A89C84 /* Landmark.swift */; };
		601515A12A73E88400A89C84 /* LandmarkManager.swift in Sources */ = {isa = PBXBuildFile; fileRef = 601515A02A73E88400A89C84 /* LandmarkManager.swift */; };
		601515A62A73E96300A89C84 /* LandmarkRow.swift in Sources */ = {isa = PBXBuildFile; fileRef = 601515A52A73E96300A89C84 /* LandmarkRow.swift */; };
		601515AA2A73ED3F00A89C84 /* LandmarkList.swift in Sources */ = {isa = PBXBuildFile; fileRef = 601515A92A73ED3F00A89C84 /* LandmarkList.swift */; };
		601515AE2A73EEDF00A89C84 /* LandmarkDetail.swift in Sources */ = {isa = PBXBuildFile; fileRef = 601515AD2A73EEDF00A89C84 /* LandmarkDetail.swift */; };
		601515B22A73F39100A89C84 /* ContentViews.swift in Sources */ = {isa = PBXBuildFile; fileRef = 601515B12A73F39100A89C84 /* ContentViews.swift */; };
/* End PBXBuildFile section */

/* Begin PBXFileReference section */
		601515842A73E11C00A89C84 /* Landmarks.app */ = {isa = PBXFileReference; explicitFileType = wrapper.application; includeInIndex = 0; path = Landmarks.app; sourceTree = BUILT_PRODUCTS_DIR; };
		601515872A73E11C00A89C84 /* LandmarksApp.swift */ = {isa = PBXFileReference; lastKnownFileType = sourcecode.swift; path = LandmarksApp.swift; sourceTree = "<group>"; };
		6015158B2A73E11D00A89C84 /* Assets.xcassets */ = {isa = PBXFileReference; lastKnownFileType = folder.assetcatalog; path = Assets.xcassets; sourceTree = "<group>"; };
		6015158E2A73E11D00A89C84 /* Preview Assets.xcassets */ = {isa = PBXFileReference; lastKnownFileType = folder.assetcatalog; path = "Preview Assets.xcassets"; sourceTree = "<group>"; };
		601515962A73E28A00A89C84 /* CircleImage.swift */ = {isa = PBXFileReference; lastKnownFileType = sourcecode.swift; path = CircleImage.swift; sourceTree = "<group>"; };
		601515982A73E4A400A89C84 /* MapViews.swift */ = {isa = PBXFileReference; lastKnownFileType = sourcecode.swift; path = MapViews.swift; sourceTree = "<group>"; };
		6015159B2A73E73A00A89C84 /* landmarkData.json */ = {isa = PBXFileReference; fileEncoding = 4; lastKnownFileType = text.json; path = landmarkData.json; sourceTree = "<group>"; };
		6015159E2A73E79A00A89C84 /* Landmark.swift */ = {isa = PBXFileReference; lastKnownFileType = sourcecode.swift; path = Landmark.swift; sourceTree = "<group>"; };
		601515A02A73E88400A89C84 /* LandmarkManager.swift */ = {isa = PBXFileReference; lastKnownFileType = sourcecode.swift; path = LandmarkManager.swift; sourceTree = "<group>"; };
		601515A52A73E96300A89C84 /* LandmarkRow.swift */ = {isa = PBXFileReference; lastKnownFileType = sourcecode.swift; path = LandmarkRow.swift; sourceTree = "<group>"; };
		601515A92A73ED3F00A89C84 /* LandmarkList.swift */ = {isa = PBXFileReference; lastKnownFileType = sourcecode.swift; path = LandmarkList.swift; sourceTree = "<group>"; };
		601515AD2A73EEDF00A89C84 /* LandmarkDetail.swift */ = {isa = PBXFileReference; lastKnownFileType = sourcecode.swift; path = LandmarkDetail.swift; sourceTree = "<group>"; };
		601515B12A73F39100A89C84 /* ContentViews.swift */ = {isa = PBXFileReference; lastKnownFileType = sourcecode.swift; path = ContentViews.swift; sourceTree = "<group>"; };
/* End PBXFileReference section */

/* Begin PBXFrameworksBuildPhase section */
		601515812A73E11C00A89C84 /* Frameworks */ = {
			isa = PBXFrameworksBuildPhase;
			buildActionMask = 2147483647;
			files = (
			);
			runOnlyForDeploymentPostprocessing = 0;
		};
/* End PBXFrameworksBuildPhase section */

/* Begin PBXGroup section */
		6015157B2A73E11C00A89C84 = {
			isa = PBXGroup;
			children = (
				601515862A73E11C00A89C84 /* Landmarks */,
				601515852A73E11C00A89C84 /* Products */,
			);
			sourceTree = "<group>";
		};
		601515852A73E11C00A89C84 /* Products */ = {
			isa = PBXGroup;
			children = (
				601515842A73E11C00A89C84 /* Landmarks.app */,
			);
			name = Products;
			sourceTree = "<group>";
		};
		601515862A73E11C00A89C84 /* Landmarks */ = {
			isa = PBXGroup;
			children = (
				601515A42A73E95600A89C84 /* Landmarks */,
				601515A32A73E93400A89C84 /* Resources */,
				601515A22A73E90500A89C84 /* Manager */,
				6015159D2A73E78400A89C84 /* Model */,
				6015159A2A73E71E00A89C84 /* Helpers */,
				601515952A73E28200A89C84 /* Views */,
				601515872A73E11C00A89C84 /* LandmarksApp.swift */,
				6015158B2A73E11D00A89C84 /* Assets.xcassets */,
				6015158D2A73E11D00A89C84 /* Preview Content */,
			);
			path = Landmarks;
			sourceTree = "<group>";
		};
		6015158D2A73E11D00A89C84 /* Preview Content */ = {
			isa = PBXGroup;
			children = (
				6015158E2A73E11D00A89C84 /* Preview Assets.xcassets */,
			);
			path = "Preview Content";
			sourceTree = "<group>";
		};
		601515952A73E28200A89C84 /* Views */ = {
			isa = PBXGroup;
			children = (
				601515B12A73F39100A89C84 /* ContentViews.swift */,
			);
			path = Views;
			sourceTree = "<group>";
		};
		6015159A2A73E71E00A89C84 /* Helpers */ = {
			isa = PBXGroup;
			children = (
				601515962A73E28A00A89C84 /* CircleImage.swift */,
				601515982A73E4A400A89C84 /* MapViews.swift */,
			);
			path = Helpers;
			sourceTree = "<group>";
		};
		6015159D2A73E78400A89C84 /* Model */ = {
			isa = PBXGroup;
			children = (
				6015159E2A73E79A00A89C84 /* Landmark.swift */,
			);
			path = Model;
			sourceTree = "<group>";
		};
		601515A22A73E90500A89C84 /* Manager */ = {
			isa = PBXGroup;
			children = (
				601515A02A73E88400A89C84 /* LandmarkManager.swift */,
			);
			path = Manager;
			sourceTree = "<group>";
		};
		601515A32A73E93400A89C84 /* Resources */ = {
			isa = PBXGroup;
			children = (
				6015159B2A73E73A00A89C84 /* landmarkData.json */,
			);
			path = Resources;
			sourceTree = "<group>";
		};
		601515A42A73E95600A89C84 /* Landmarks */ = {
			isa = PBXGroup;
			children = (
				601515A52A73E96300A89C84 /* LandmarkRow.swift */,
				601515A92A73ED3F00A89C84 /* LandmarkList.swift */,
				601515AD2A73EEDF00A89C84 /* LandmarkDetail.swift */,
			);
			path = Landmarks;
			sourceTree = "<group>";
		};
/* End PBXGroup section */

/* Begin PBXNativeTarget section */
		601515832A73E11C00A89C84 /* Landmarks */ = {
			isa = PBXNativeTarget;
			buildConfigurationList = 601515922A73E11D00A89C84 /* Build configuration list for PBXNativeTarget "Landmarks" */;
			buildPhases = (
				601515802A73E11C00A89C84 /* Sources */,
				601515812A73E11C00A89C84 /* Frameworks */,
				601515822A73E11C00A89C84 /* Resources */,
			);
			buildRules = (
			);
			dependencies = (
			);
			name = Landmarks;
			productName = Landmarks;
			productReference = 601515842A73E11C00A89C84 /* Landmarks.app */;
			productType = "com.apple.product-type.application";
		};
/* End PBXNativeTarget section */

/* Begin PBXProject section */
		6015157C2A73E11C00A89C84 /* Project object */ = {
			isa = PBXProject;
			attributes = {
				BuildIndependentTargetsInParallel = 1;
				LastSwiftUpdateCheck = 1430;
				LastUpgradeCheck = 1430;
				TargetAttributes = {
					601515832A73E11C00A89C84 = {
						CreatedOnToolsVersion = 14.3;
					};
				};
			};
			buildConfigurationList = 6015157F2A73E11C00A89C84 /* Build configuration list for PBXProject "Landmarks" */;
			compatibilityVersion = "Xcode 14.0";
			developmentRegion = en;
			hasScannedForEncodings = 0;
			knownRegions = (
				en,
				Base,
			);
			mainGroup = 6015157B2A73E11C00A89C84;
			productRefGroup = 601515852A73E11C00A89C84 /* Products */;
			projectDirPath = "";
			projectRoot = "";
			targets = (
				601515832A73E11C00A89C84 /* Landmarks */,
			);
		};
/* End PBXProject section */

/* Begin PBXResourcesBuildPhase section */
		601515822A73E11C00A89C84 /* Resources */ = {
			isa = PBXResourcesBuildPhase;
			buildActionMask = 2147483647;
			files = (
				6015158F2A73E11D00A89C84 /* Preview Assets.xcassets in Resources */,
				6015158C2A73E11D00A89C84 /* Assets.xcassets in Resources */,
				6015159C2A73E73B00A89C84 /* landmarkData.json in Resources */,
			);
			runOnlyForDeploymentPostprocessing = 0;
		};
/* End PBXResourcesBuildPhase section */

/* Begin PBXSourcesBuildPhase section */
		601515802A73E11C00A89C84 /* Sources */ = {
			isa = PBXSourcesBuildPhase;
			buildActionMask = 2147483647;
			files = (
				601515992A73E4A400A89C84 /* MapViews.swift in Sources */,
				601515972A73E28A00A89C84 /* CircleImage.swift in Sources */,
				601515AA2A73ED3F00A89C84 /* LandmarkList.swift in Sources */,
				601515882A73E11C00A89C84 /* LandmarksApp.swift in Sources */,
				6015159F2A73E79A00A89C84 /* Landmark.swift in Sources */,
				601515B22A73F39100A89C84 /* ContentViews.swift in Sources */,
				601515A62A73E96300A89C84 /* LandmarkRow.swift in Sources */,
				601515AE2A73EEDF00A89C84 /* LandmarkDetail.swift in Sources */,
				601515A12A73E88400A89C84 /* LandmarkManager.swift in Sources */,
			);
			runOnlyForDeploymentPostprocessing = 0;
		};
/* End PBXSourcesBuildPhase section */

/* Begin XCBuildConfiguration section */
		601515902A73E11D00A89C84 /* Debug */ = {
			isa = XCBuildConfiguration;
			buildSettings = {
				ALWAYS_SEARCH_USER_PATHS = NO;
				CLANG_ANALYZER_NONNULL = YES;
				CLANG_ANALYZER_NUMBER_OBJECT_CONVERSION = YES_AGGRESSIVE;
				CLANG_CXX_LANGUAGE_STANDARD = "gnu++20";
				CLANG_ENABLE_MODULES = YES;
				CLANG_ENABLE_OBJC_ARC = YES;
				CLANG_ENABLE_OBJC_WEAK = YES;
				CLANG_WARN_BLOCK_CAPTURE_AUTORELEASING = YES;
				CLANG_WARN_BOOL_CONVERSION = YES;
				CLANG_WARN_COMMA = YES;
				CLANG_WARN_CONSTANT_CONVERSION = YES;
				CLANG_WARN_DEPRECATED_OBJC_IMPLEMENTATIONS = YES;
				CLANG_WARN_DIRECT_OBJC_ISA_USAGE = YES_ERROR;
				CLANG_WARN_DOCUMENTATION_COMMENTS = YES;
				CLANG_WARN_EMPTY_BODY = YES;
				CLANG_WARN_ENUM_CONVERSION = YES;
				CLANG_WARN_INFINITE_RECURSION = YES;
				CLANG_WARN_INT_CONVERSION = YES;
				CLANG_WARN_NON_LITERAL_NULL_CONVERSION = YES;
				CLANG_WARN_OBJC_IMPLICIT_RETAIN_SELF = YES;
				CLANG_WARN_OBJC_LITERAL_CONVERSION = YES;
				CLANG_WARN_OBJC_ROOT_CLASS = YES_ERROR;
				CLANG_WARN_QUOTED_INCLUDE_IN_FRAMEWORK_HEADER = YES;
				CLANG_WARN_RANGE_LOOP_ANALYSIS = YES;
				CLANG_WARN_STRICT_PROTOTYPES = YES;
				CLANG_WARN_SUSPICIOUS_MOVE = YES;
				CLANG_WARN_UNGUARDED_AVAILABILITY = YES_AGGRESSIVE;
				CLANG_WARN_UNREACHABLE_CODE = YES;
				CLANG_WARN__DUPLICATE_METHOD_MATCH = YES;
				COPY_PHASE_STRIP = NO;
				DEBUG_INFORMATION_FORMAT = dwarf;
				ENABLE_STRICT_OBJC_MSGSEND = YES;
				ENABLE_TESTABILITY = YES;
				GCC_C_LANGUAGE_STANDARD = gnu11;
				GCC_DYNAMIC_NO_PIC = NO;
				GCC_NO_COMMON_BLOCKS = YES;
				GCC_OPTIMIZATION_LEVEL = 0;
				GCC_PREPROCESSOR_DEFINITIONS = (
					"DEBUG=1",
					"$(inherited)",
				);
				GCC_WARN_64_TO_32_BIT_CONVERSION = YES;
				GCC_WARN_ABOUT_RETURN_TYPE = YES_ERROR;
				GCC_WARN_UNDECLARED_SELECTOR = YES;
				GCC_WARN_UNINITIALIZED_AUTOS = YES_AGGRESSIVE;
				GCC_WARN_UNUSED_FUNCTION = YES;
				GCC_WARN_UNUSED_VARIABLE = YES;
				IPHONEOS_DEPLOYMENT_TARGET = 16.4;
				MTL_ENABLE_DEBUG_INFO = INCLUDE_SOURCE;
				MTL_FAST_MATH = YES;
				ONLY_ACTIVE_ARCH = YES;
				SDKROOT = iphoneos;
				SWIFT_ACTIVE_COMPILATION_CONDITIONS = DEBUG;
				SWIFT_OPTIMIZATION_LEVEL = "-Onone";
			};
			name = Debug;
		};
		601515912A73E11D00A89C84 /* Release */ = {
			isa = XCBuildConfiguration;
			buildSettings = {
				ALWAYS_SEARCH_USER_PATHS = NO;
				CLANG_ANALYZER_NONNULL = YES;
				CLANG_ANALYZER_NUMBER_OBJECT_CONVERSION = YES_AGGRESSIVE;
				CLANG_CXX_LANGUAGE_STANDARD = "gnu++20";
				CLANG_ENABLE_MODULES = YES;
				CLANG_ENABLE_OBJC_ARC = YES;
				CLANG_ENABLE_OBJC_WEAK = YES;
				CLANG_WARN_BLOCK_CAPTURE_AUTORELEASING = YES;
				CLANG_WARN_BOOL_CONVERSION = YES;
				CLANG_WARN_COMMA = YES;
				CLANG_WARN_CONSTANT_CONVERSION = YES;
				CLANG_WARN_DEPRECATED_OBJC_IMPLEMENTATIONS = YES;
				CLANG_WARN_DIRECT_OBJC_ISA_USAGE = YES_ERROR;
				CLANG_WARN_DOCUMENTATION_COMMENTS = YES;
				CLANG_WARN_EMPTY_BODY = YES;
				CLANG_WARN_ENUM_CONVERSION = YES;
				CLANG_WARN_INFINITE_RECURSION = YES;
				CLANG_WARN_INT_CONVERSION = YES;
				CLANG_WARN_NON_LITERAL_NULL_CONVERSION = YES;
				CLANG_WARN_OBJC_IMPLICIT_RETAIN_SELF = YES;
				CLANG_WARN_OBJC_LITERAL_CONVERSION = YES;
				CLANG_WARN_OBJC_ROOT_CLASS = YES_ERROR;
				CLANG_WARN_QUOTED_INCLUDE_IN_FRAMEWORK_HEADER = YES;
				CLANG_WARN_RANGE_LOOP_ANALYSIS = YES;
				CLANG_WARN_STRICT_PROTOTYPES = YES;
				CLANG_WARN_SUSPICIOUS_MOVE = YES;
				CLANG_WARN_UNGUARDED_AVAILABILITY = YES_AGGRESSIVE;
				CLANG_WARN_UNREACHABLE_CODE = YES;
				CLANG_WARN__DUPLICATE_METHOD_MATCH = YES;
				COPY_PHASE_STRIP = NO;
				DEBUG_INFORMATION_FORMAT = "dwarf-with-dsym";
				ENABLE_NS_ASSERTIONS = NO;
				ENABLE_STRICT_OBJC_MSGSEND = YES;
				GCC_C_LANGUAGE_STANDARD = gnu11;
				GCC_NO_COMMON_BLOCKS = YES;
				GCC_WARN_64_TO_32_BIT_CONVERSION = YES;
				GCC_WARN_ABOUT_RETURN_TYPE = YES_ERROR;
				GCC_WARN_UNDECLARED_SELECTOR = YES;
				GCC_WARN_UNINITIALIZED_AUTOS = YES_AGGRESSIVE;
				GCC_WARN_UNUSED_FUNCTION = YES;
				GCC_WARN_UNUSED_VARIABLE = YES;
				IPHONEOS_DEPLOYMENT_TARGET = 16.4;
				MTL_ENABLE_DEBUG_INFO = NO;
				MTL_FAST_MATH = YES;
				SDKROOT = iphoneos;
				SWIFT_COMPILATION_MODE = wholemodule;
				SWIFT_OPTIMIZATION_LEVEL = "-O";
				VALIDATE_PRODUCT = YES;
			};
			name = Release;
		};
		601515932A73E11D00A89C84 /* Debug */ = {
			isa = XCBuildConfiguration;
			buildSettings = {
				ASSETCATALOG_COMPILER_APPICON_NAME = AppIcon;
				ASSETCATALOG_COMPILER_GLOBAL_ACCENT_COLOR_NAME = AccentColor;
				CODE_SIGN_STYLE = Automatic;
				CURRENT_PROJECT_VERSION = 1;
				DEVELOPMENT_ASSET_PATHS = "\"Landmarks/Preview Content\"";
				DEVELOPMENT_TEAM = WL3K4A7DH8;
				ENABLE_PREVIEWS = YES;
				GENERATE_INFOPLIST_FILE = YES;
				INFOPLIST_KEY_UIApplicationSceneManifest_Generation = YES;
				INFOPLIST_KEY_UIApplicationSupportsIndirectInputEvents = YES;
				INFOPLIST_KEY_UILaunchScreen_Generation = YES;
				INFOPLIST_KEY_UISupportedInterfaceOrientations_iPad = "UIInterfaceOrientationPortrait UIInterfaceOrientationPortraitUpsideDown UIInterfaceOrientationLandscapeLeft UIInterfaceOrientationLandscapeRight";
				INFOPLIST_KEY_UISupportedInterfaceOrientations_iPhone = "UIInterfaceOrientationPortrait UIInterfaceOrientationLandscapeLeft UIInterfaceOrientationLandscapeRight";
				IPHONEOS_DEPLOYMENT_TARGET = 15.0;
				LD_RUNPATH_SEARCH_PATHS = (
					"$(inherited)",
					"@executable_path/Frameworks",
				);
				MARKETING_VERSION = 1.0;
				PRODUCT_BUNDLE_IDENTIFIER = com.barisdilekci.Landmarks;
				PRODUCT_NAME = "$(TARGET_NAME)";
				SWIFT_EMIT_LOC_STRINGS = YES;
				SWIFT_VERSION = 5.0;
				TARGETED_DEVICE_FAMILY = "1,2";
			};
			name = Debug;
		};
		601515942A73E11D00A89C84 /* Release */ = {
			isa = XCBuildConfiguration;
			buildSettings = {
				ASSETCATALOG_COMPILER_APPICON_NAME = AppIcon;
				ASSETCATALOG_COMPILER_GLOBAL_ACCENT_COLOR_NAME = AccentColor;
				CODE_SIGN_STYLE = Automatic;
				CURRENT_PROJECT_VERSION = 1;
				DEVELOPMENT_ASSET_PATHS = "\"Landmarks/Preview Content\"";
				DEVELOPMENT_TEAM = WL3K4A7DH8;
				ENABLE_PREVIEWS = YES;
				GENERATE_INFOPLIST_FILE = YES;
				INFOPLIST_KEY_UIApplicationSceneManifest_Generation = YES;
				INFOPLIST_KEY_UIApplicationSupportsIndirectInputEvents = YES;
				INFOPLIST_KEY_UILaunchScreen_Generation = YES;
				INFOPLIST_KEY_UISupportedInterfaceOrientations_iPad = "UIInterfaceOrientationPortrait UIInterfaceOrientationPortraitUpsideDown UIInterfaceOrientationLandscapeLeft UIInterfaceOrientationLandscapeRight";
				INFOPLIST_KEY_UISupportedInterfaceOrientations_iPhone = "UIInterfaceOrientationPortrait UIInterfaceOrientationLandscapeLeft UIInterfaceOrientationLandscapeRight";
				IPHONEOS_DEPLOYMENT_TARGET = 15.0;
				LD_RUNPATH_SEARCH_PATHS = (
					"$(inherited)",
					"@executable_path/Frameworks",
				);
				MARKETING_VERSION = 1.0;
				PRODUCT_BUNDLE_IDENTIFIER = com.barisdilekci.Landmarks;
				PRODUCT_NAME = "$(TARGET_NAME)";
				SWIFT_EMIT_LOC_STRINGS = YES;
				SWIFT_VERSION = 5.0;
				TARGETED_DEVICE_FAMILY = "1,2";
			};
			name = Release;
		};
/* End XCBuildConfiguration section */

/* Begin XCConfigurationList section */
		6015157F2A73E11C00A89C84 /* Build configuration list for PBXProject "Landmarks" */ = {
			isa = XCConfigurationList;
			buildConfigurations = (
				601515902A73E11D00A89C84 /* Debug */,
				601515912A73E11D00A89C84 /* Release */,
			);
			defaultConfigurationIsVisible = 0;
			defaultConfigurationName = Release;
		};
		601515922A73E11D00A89C84 /* Build configuration list for PBXNativeTarget "Landmarks" */ = {
			isa = XCConfigurationList;
			buildConfigurations = (
				601515932A73E11D00A89C84 /* Debug */,
				601515942A73E11D00A89C84 /* Release */,
			);
			defaultConfigurationIsVisible = 0;
			defaultConfigurationName = Release;
		};
/* End XCConfigurationList section */
	};
	rootObject = 6015157C2A73E11C00A89C84 /* Project object */;
}
